
Microsoft Visual Studio Solution File, Format Version 12.00
# Visual Studio 15
VisualStudioVersion = 15.0.27428.2011
MinimumVisualStudioVersion = 10.0.40219.1
Project("{9A19103F-16F7-4668-BE54-9A1E7A4F7556}") = "Tachocline", "Tachocline\Tachocline.csproj", "{A12CBD74-6F59-4C98-9CA4-E086B60D6710}"
EndProject
Project("{9A19103F-16F7-4668-BE54-9A1E7A4F7556}") = "ConsoleApp1", "ConsoleApp1\ConsoleApp1.csproj", "{DCC9292A-75E9-424C-9C93-B58CF0F29E2A}"
EndProject
Global
	GlobalSection(SolutionConfigurationPlatforms) = preSolution
		Debug|Any CPU = Debug|Any CPU
		Release|Any CPU = Release|Any CPU
	EndGlobalSection
	GlobalSection(ProjectConfigurationPlatforms) = postSolution
		{A12CBD74-6F59-4C98-9CA4-E086B60D6710}.Debug|Any CPU.ActiveCfg = Debug|Any CPU
		{A12CBD74-6F59-4C98-9CA4-E086B60D6710}.Debug|Any CPU.Build.0 = Debug|Any CPU
		{A12CBD74-6F59-4C98-9CA4-E086B60D6710}.Release|Any CPU.ActiveCfg = Release|Any CPU
		{A12CBD74-6F59-4C98-9CA4-E086B60D6710}.Release|Any CPU.Build.0 = Release|Any CPU
		{DCC9292A-75E9-424C-9C93-B58CF0F29E2A}.Debug|Any CPU.ActiveCfg = Debug|Any CPU
		{DCC9292A-75E9-424C-9C93-B58CF0F29E2A}.Debug|Any CPU.Build.0 = Debug|Any CPU
		{DCC9292A-75E9-424C-9C93-B58CF0F29E2A}.Release|Any CPU.ActiveCfg = Release|Any CPU
		{DCC9292A-75E9-424C-9C93-B58CF0F29E2A}.Release|Any CPU.Build.0 = Release|Any CPU
	EndGlobalSection
	GlobalSection(SolutionProperties) = preSolution
		HideSolutionNode = FALSE
	EndGlobalSection
	GlobalSection(ExtensibilityGlobals) = postSolution
		SolutionGuid = {DC136649-89BC-45D1-AC6A-F711B7180984}
	EndGlobalSection
EndGlobal
