
Microsoft Visual Studio Solution File, Format Version 12.00
# Visual Studio 15
VisualStudioVersion = 15.0.27428.2011
MinimumVisualStudioVersion = 10.0.40219.1
Project("{FAE04EC0-301F-11D3-BF4B-00C04F79EFBC}") = "TachoclineFX", "TachoclineFX\TachoclineFX.csproj", "{A12CBD74-6F59-4C98-9CA4-E086B60D6710}"
EndProject
Global
	GlobalSection(SolutionConfigurationPlatforms) = preSolution
		Debug|Any CPU = Debug|Any CPU
		Release|Any CPU = Release|Any CPU
	EndGlobalSection
	GlobalSection(ProjectConfigurationPlatforms) = postSolution
		{A12CBD74-6F59-4C98-9CA4-E086B60D6710}.Debug|Any CPU.ActiveCfg = Debug|Any CPU
		{A12CBD74-6F59-4C98-9CA4-E086B60D6710}.Debug|Any CPU.Build.0 = Debug|Any CPU
		{A12CBD74-6F59-4C98-9CA4-E086B60D6710}.Release|Any CPU.ActiveCfg = Release|Any CPU
		{A12CBD74-6F59-4C98-9CA4-E086B60D6710}.Release|Any CPU.Build.0 = Release|Any CPU
	EndGlobalSection
	GlobalSection(SolutionProperties) = preSolution
		HideSolutionNode = FALSE
	EndGlobalSection
	GlobalSection(ExtensibilityGlobals) = postSolution
		SolutionGuid = {DC136649-89BC-45D1-AC6A-F711B7180984}
	EndGlobalSection
EndGlobal
